
Microsoft Visual Studio Solution File, Format Version 12.00
# Visual Studio Version 17
VisualStudioVersion = 17.5.002.0
MinimumVisualStudioVersion = 10.0.40219.1
Project("{9A19103F-16F7-4668-BE54-9A1E7A4F7556}") = "charpOOP", "MainLab\charpOOP.csproj", "{D6360BF3-E499-4127-B8E0-D9CDE11ABA10}"
EndProject
Project("{9A19103F-16F7-4668-BE54-9A1E7A4F7556}") = "MainLab", "MainLab\MainLab.csproj", "{1F98160D-4A53-458A-95C1-D123FBB98E65}"
EndProject
Global
	GlobalSection(SolutionConfigurationPlatforms) = preSolution
		Debug|Any CPU = Debug|Any CPU
		Release|Any CPU = Release|Any CPU
	EndGlobalSection
	GlobalSection(ProjectConfigurationPlatforms) = postSolution
		{D6360BF3-E499-4127-B8E0-D9CDE11ABA10}.Debug|Any CPU.ActiveCfg = Debug|Any CPU
		{D6360BF3-E499-4127-B8E0-D9CDE11ABA10}.Debug|Any CPU.Build.0 = Debug|Any CPU
		{D6360BF3-E499-4127-B8E0-D9CDE11ABA10}.Release|Any CPU.ActiveCfg = Release|Any CPU
		{D6360BF3-E499-4127-B8E0-D9CDE11ABA10}.Release|Any CPU.Build.0 = Release|Any CPU
		{1F98160D-4A53-458A-95C1-D123FBB98E65}.Debug|Any CPU.ActiveCfg = Debug|Any CPU
		{1F98160D-4A53-458A-95C1-D123FBB98E65}.Debug|Any CPU.Build.0 = Debug|Any CPU
		{1F98160D-4A53-458A-95C1-D123FBB98E65}.Release|Any CPU.ActiveCfg = Release|Any CPU
		{1F98160D-4A53-458A-95C1-D123FBB98E65}.Release|Any CPU.Build.0 = Release|Any CPU
	EndGlobalSection
	GlobalSection(SolutionProperties) = preSolution
		HideSolutionNode = FALSE
	EndGlobalSection
	GlobalSection(ExtensibilityGlobals) = postSolution
		SolutionGuid = {D31B947C-9715-4204-9E48-711A540ECB4B}
	EndGlobalSection
EndGlobal
